
Microsoft Visual Studio Solution File, Format Version 12.00
# Visual Studio Version 17
VisualStudioVersion = 17.11.35327.3
MinimumVisualStudioVersion = 10.0.40219.1
Project("{2150E333-8FDC-42A3-9474-1A3956D46DE8}") = "src", "src", "{D28938DB-858E-4A11-B940-FCB7DC8D3E30}"
EndProject
Project("{2150E333-8FDC-42A3-9474-1A3956D46DE8}") = "Core", "Core", "{B891EBE3-5096-4F07-B0D1-2E9F129798CA}"
EndProject
Project("{2150E333-8FDC-42A3-9474-1A3956D46DE8}") = "Infraestructure", "Infraestructure", "{49566B69-B065-4819-B7D1-D833A477BF1E}"
EndProject
Project("{2150E333-8FDC-42A3-9474-1A3956D46DE8}") = "Presentation", "Presentation", "{6036F9FB-DFF1-4937-8E1A-9A27F9C6D313}"
EndProject
Project("{9A19103F-16F7-4668-BE54-9A1E7A4F7556}") = "Application", "Application\Application.csproj", "{F7C17C10-2CD1-4007-B839-C914366B74E8}"
EndProject
Project("{9A19103F-16F7-4668-BE54-9A1E7A4F7556}") = "Domain", "Domain\Domain.csproj", "{8299A8E5-3F4B-4668-BAFD-37814518AE9B}"
EndProject
Project("{9A19103F-16F7-4668-BE54-9A1E7A4F7556}") = "Persistence", "Persistence\Persistence.csproj", "{D068B4B8-5CD7-4179-8F48-BAD95EBD9654}"
EndProject
Project("{9A19103F-16F7-4668-BE54-9A1E7A4F7556}") = "Shared", "Shared\Shared.csproj", "{61959299-EE32-4FB9-AEB9-2293DDBC7807}"
EndProject
Project("{9A19103F-16F7-4668-BE54-9A1E7A4F7556}") = "WebAPI", "WebAPI\WebAPI.csproj", "{2C4FC370-5AE5-4D55-B020-02EFB5758DEC}"
EndProject
Global
	GlobalSection(SolutionConfigurationPlatforms) = preSolution
		Debug|Any CPU = Debug|Any CPU
		Release|Any CPU = Release|Any CPU
	EndGlobalSection
	GlobalSection(ProjectConfigurationPlatforms) = postSolution
		{F7C17C10-2CD1-4007-B839-C914366B74E8}.Debug|Any CPU.ActiveCfg = Debug|Any CPU
		{F7C17C10-2CD1-4007-B839-C914366B74E8}.Debug|Any CPU.Build.0 = Debug|Any CPU
		{F7C17C10-2CD1-4007-B839-C914366B74E8}.Release|Any CPU.ActiveCfg = Release|Any CPU
		{F7C17C10-2CD1-4007-B839-C914366B74E8}.Release|Any CPU.Build.0 = Release|Any CPU
		{8299A8E5-3F4B-4668-BAFD-37814518AE9B}.Debug|Any CPU.ActiveCfg = Debug|Any CPU
		{8299A8E5-3F4B-4668-BAFD-37814518AE9B}.Debug|Any CPU.Build.0 = Debug|Any CPU
		{8299A8E5-3F4B-4668-BAFD-37814518AE9B}.Release|Any CPU.ActiveCfg = Release|Any CPU
		{8299A8E5-3F4B-4668-BAFD-37814518AE9B}.Release|Any CPU.Build.0 = Release|Any CPU
		{D068B4B8-5CD7-4179-8F48-BAD95EBD9654}.Debug|Any CPU.ActiveCfg = Debug|Any CPU
		{D068B4B8-5CD7-4179-8F48-BAD95EBD9654}.Debug|Any CPU.Build.0 = Debug|Any CPU
		{D068B4B8-5CD7-4179-8F48-BAD95EBD9654}.Release|Any CPU.ActiveCfg = Release|Any CPU
		{D068B4B8-5CD7-4179-8F48-BAD95EBD9654}.Release|Any CPU.Build.0 = Release|Any CPU
		{61959299-EE32-4FB9-AEB9-2293DDBC7807}.Debug|Any CPU.ActiveCfg = Debug|Any CPU
		{61959299-EE32-4FB9-AEB9-2293DDBC7807}.Debug|Any CPU.Build.0 = Debug|Any CPU
		{61959299-EE32-4FB9-AEB9-2293DDBC7807}.Release|Any CPU.ActiveCfg = Release|Any CPU
		{61959299-EE32-4FB9-AEB9-2293DDBC7807}.Release|Any CPU.Build.0 = Release|Any CPU
		{2C4FC370-5AE5-4D55-B020-02EFB5758DEC}.Debug|Any CPU.ActiveCfg = Debug|Any CPU
		{2C4FC370-5AE5-4D55-B020-02EFB5758DEC}.Debug|Any CPU.Build.0 = Debug|Any CPU
		{2C4FC370-5AE5-4D55-B020-02EFB5758DEC}.Release|Any CPU.ActiveCfg = Release|Any CPU
		{2C4FC370-5AE5-4D55-B020-02EFB5758DEC}.Release|Any CPU.Build.0 = Release|Any CPU
	EndGlobalSection
	GlobalSection(SolutionProperties) = preSolution
		HideSolutionNode = FALSE
	EndGlobalSection
	GlobalSection(NestedProjects) = preSolution
		{B891EBE3-5096-4F07-B0D1-2E9F129798CA} = {D28938DB-858E-4A11-B940-FCB7DC8D3E30}
		{49566B69-B065-4819-B7D1-D833A477BF1E} = {D28938DB-858E-4A11-B940-FCB7DC8D3E30}
		{6036F9FB-DFF1-4937-8E1A-9A27F9C6D313} = {D28938DB-858E-4A11-B940-FCB7DC8D3E30}
		{F7C17C10-2CD1-4007-B839-C914366B74E8} = {B891EBE3-5096-4F07-B0D1-2E9F129798CA}
		{8299A8E5-3F4B-4668-BAFD-37814518AE9B} = {B891EBE3-5096-4F07-B0D1-2E9F129798CA}
		{D068B4B8-5CD7-4179-8F48-BAD95EBD9654} = {49566B69-B065-4819-B7D1-D833A477BF1E}
		{61959299-EE32-4FB9-AEB9-2293DDBC7807} = {49566B69-B065-4819-B7D1-D833A477BF1E}
		{2C4FC370-5AE5-4D55-B020-02EFB5758DEC} = {6036F9FB-DFF1-4937-8E1A-9A27F9C6D313}
	EndGlobalSection
	GlobalSection(ExtensibilityGlobals) = postSolution
		SolutionGuid = {0D552DFA-F6FD-4B3D-BF46-B5E1899BAA93}
	EndGlobalSection
EndGlobal
